
Microsoft Visual Studio Solution File, Format Version 12.00
Project("{FAE04EC0-301F-11D3-BF4B-00C04F79EFBC}") = "RadzenExample", "RadzenExample\RadzenExample.csproj", "{56F69640-A06F-443C-9F18-7D22C33826EE}"
EndProject
Global
	GlobalSection(SolutionConfigurationPlatforms) = preSolution
		Debug|Any CPU = Debug|Any CPU
		Release|Any CPU = Release|Any CPU
	EndGlobalSection
	GlobalSection(ProjectConfigurationPlatforms) = postSolution
		{56F69640-A06F-443C-9F18-7D22C33826EE}.Debug|Any CPU.ActiveCfg = Debug|Any CPU
		{56F69640-A06F-443C-9F18-7D22C33826EE}.Debug|Any CPU.Build.0 = Debug|Any CPU
		{56F69640-A06F-443C-9F18-7D22C33826EE}.Release|Any CPU.ActiveCfg = Release|Any CPU
		{56F69640-A06F-443C-9F18-7D22C33826EE}.Release|Any CPU.Build.0 = Release|Any CPU
	EndGlobalSection
EndGlobal
